
Microsoft Visual Studio Solution File, Format Version 11.00
# Visual Studio 2010
Project("{FAE04EC0-301F-11D3-BF4B-00C04F79EFBC}") = "BanksCabinets", "BanksCabinets\BanksCabinets.csproj", "{43354CC7-6B8F-45E2-A465-173AA9B611E3}"
EndProject
Global
	GlobalSection(SolutionConfigurationPlatforms) = preSolution
		Debug|Any CPU = Debug|Any CPU
		Release|Any CPU = Release|Any CPU
	EndGlobalSection
	GlobalSection(ProjectConfigurationPlatforms) = postSolution
		{43354CC7-6B8F-45E2-A465-173AA9B611E3}.Debug|Any CPU.ActiveCfg = Debug|Any CPU
		{43354CC7-6B8F-45E2-A465-173AA9B611E3}.Debug|Any CPU.Build.0 = Debug|Any CPU
		{43354CC7-6B8F-45E2-A465-173AA9B611E3}.Release|Any CPU.ActiveCfg = Release|Any CPU
		{43354CC7-6B8F-45E2-A465-173AA9B611E3}.Release|Any CPU.Build.0 = Release|Any CPU
	EndGlobalSection
	GlobalSection(SolutionProperties) = preSolution
		HideSolutionNode = FALSE
	EndGlobalSection
EndGlobal
